<?xml version="1.0" encoding="utf-8"?>
<Project ToolsVersion="4.0" xmlns="http://schemas.microsoft.com/developer/msbuild/2003">
  <ItemGroup>
    <Filter Include="Source Files">
      <UniqueIdentifier>{4FC737F1-C7A5-4376-A066-2A32D752A2FF}</UniqueIdentifier>
      <Extensions>cpp;c;cc;cxx;c++;cppm;ixx;def;odl;idl;hpj;bat;asm;asmx</Extensions>
    </Filter>
    <Filter Include="Header Files">
      <UniqueIdentifier>{93995380-89BD-4b04-88EB-625FBE52EBFB}</UniqueIdentifier>
      <Extensions>h;hh;hpp;hxx;h++;hm;inl;inc;ipp;xsd</Extensions>
    </Filter>
    <Filter Include="Resource Files">
      <UniqueIdentifier>{67DA6AB6-F800-4c08-8B7A-83BB121AAD01}</UniqueIdentifier>
      <Extensions>rc;ico;cur;bmp;dlg;rc2;rct;bin;rgs;gif;jpg;jpeg;jpe;resx;tiff;tif;png;wav;mfcribbon-ms</Extensions>
    </Filter>
  </ItemGroup>
  <ItemGroup>
    <ClCompile Include="main.cpp">
      <Filter>Source Files</Filter>
    </ClCompile>
    <ClCompile Include="Item.cpp">
      <Filter>Source Files</Filter>
    </ClCompile>
    <ClCompile Include="Management\CommandHandler.cpp">
      <Filter>Source Files</Filter>
    </ClCompile>
    <ClCompile Include="Management\PlayerState.cpp">
      <Filter>Source Files</Filter>
    </ClCompile>
    <ClCompile Include="Management\Printer.cpp">
      <Filter>Source Files</Filter>
    </ClCompile>
    <ClCompile Include="Management\Clock.cpp">
      <Filter>Source Files</Filter>
    </ClCompile>
    <ClCompile Include="GameObject.cpp">
      <Filter>Source Files</Filter>
    </ClCompile>
    <ClCompile Include="LevelDesign\Graph.cpp">
      <Filter>Source Files</Filter>
    </ClCompile>
    <ClCompile Include="LevelDesign\Room.cpp">
      <Filter>Source Files</Filter>
    </ClCompile>
    <ClCompile Include="LevelDesign\Ship\ShipOutside.cpp">
      <Filter>Source Files</Filter>
    </ClCompile>
    <ClCompile Include="LevelDesign\Ship\ShipQuarters.cpp">
      <Filter>Source Files</Filter>
    </ClCompile>
    <ClCompile Include="LevelDesign\Ship\ShipBridge.cpp">
      <Filter>Source Files</Filter>
    </ClCompile>
    <ClCompile Include="LevelDesign\Ship\ShipCargoBay.cpp">
      <Filter>Source Files</Filter>
    </ClCompile>
    <ClCompile Include="LevelDesign\Ship\ShipEngine.cpp">
      <Filter>Source Files</Filter>
    </ClCompile>
    <ClCompile Include="Management\Timer.cpp">
      <Filter>Source Files</Filter>
    </ClCompile>
    <ClCompile Include="LevelDesign\Area.cpp">
      <Filter>Source Files</Filter>
    </ClCompile>
    <ClCompile Include="LevelDesign\Ship\Ship.cpp">
      <Filter>Source Files</Filter>
    </ClCompile>
    <ClCompile Include="LevelDesign\Ship\ShipCorridor.cpp">
      <Filter>Source Files</Filter>
    </ClCompile>
  </ItemGroup>
  <ItemGroup>
    <ClInclude Include="Item.h">
      <Filter>Header Files</Filter>
    </ClInclude>
    <ClInclude Include="Management\CommandHandler.h">
      <Filter>Header Files</Filter>
    </ClInclude>
    <ClInclude Include="Management\PlayerState.h">
      <Filter>Header Files</Filter>
    </ClInclude>
    <ClInclude Include="Management\Printer.h">
      <Filter>Header Files</Filter>
    </ClInclude>
    <ClInclude Include="Management\Clock.h">
      <Filter>Header Files</Filter>
    </ClInclude>
    <ClInclude Include="GameObject.h">
      <Filter>Header Files</Filter>
    </ClInclude>
    <ClInclude Include="LevelDesign\Graph.h">
      <Filter>Header Files</Filter>
    </ClInclude>
    <ClInclude Include="LevelDesign\Room.h">
      <Filter>Header Files</Filter>
    </ClInclude>
    <ClInclude Include="LevelDesign\Ship\ShipCargoBay.h">
      <Filter>Header Files</Filter>
    </ClInclude>
    <ClInclude Include="LevelDesign\Ship\ShipEngine.h">
      <Filter>Header Files</Filter>
    </ClInclude>
    <ClInclude Include="LevelDesign\Ship\ShipOutside.h">
      <Filter>Header Files</Filter>
    </ClInclude>
    <ClInclude Include="LevelDesign\Ship\ShipQuarters.h">
      <Filter>Header Files</Filter>
    </ClInclude>
    <ClInclude Include="LevelDesign\Ship\ShipBridge.h">
      <Filter>Header Files</Filter>
    </ClInclude>
    <ClInclude Include="Management\Timer.h">
      <Filter>Header Files</Filter>
    </ClInclude>
    <ClInclude Include="LevelDesign\Area.h">
      <Filter>Header Files</Filter>
    </ClInclude>
    <ClInclude Include="LevelDesign\Ship\Ship.h">
      <Filter>Header Files</Filter>
    </ClInclude>
    <ClInclude Include="LevelDesign\Ship\ShipCorridor.h">
      <Filter>Header Files</Filter>
    </ClInclude>
  </ItemGroup>
</Project>